lockfileVersion: '9.0'

settings:
  autoInstallPeers: true
  excludeLinksFromLockfile: false

importers:

  .:
    dependencies:
      '@cursor/sdk':
        specifier: ^1.0.31
        version: 1.0.31

packages:

  '@bufbuild/protobuf@1.10.0':
    resolution: {integrity: sha512-QDdVFLoN93Zjg36NoQPZfsVH9tZew7wKDKyV5qRdj8ntT4wQCOradQjRaTdwMhWUYsgKsvCINKKm87FdEk96Ag==}

  '@connectrpc/connect-node@1.7.0':
    resolution: {integrity: sha512-6vaPIkG/NyhxlYgytLoR9KYbPhczEboFB2OYWkA9qvUz1K7efXfeGrlRxoLtpa+r8VxyIOw73w5ktNe743nD+A==}
    engines: {node: '>=16.0.0'}
    peerDependencies:
      '@bufbuild/protobuf': ^1.10.0
      '@connectrpc/connect': 1.7.0

  '@connectrpc/connect-web@1.7.0':
    resolution: {integrity: sha512-qyP0YOnUPRWwCc/VfsoydMJvkb7EyUPr2q9sHgBuJzbADjiqck1gKH5V5ZPzPhTLBvmz5UvG+wiZ5sMRQHU1MQ==}
    peerDependencies:
      '@bufbuild/protobuf': ^1.10.0
      '@connectrpc/connect': 1.7.0

  '@connectrpc/connect@1.7.0':
    resolution: {integrity: sha512-iNKdJRi69YP3mq6AePRT8F/HrxWCewrhxnLMNm0vpqXAR8biwzRtO6Hjx80C6UvtKJ5sFmffQT7I4Baecz389w==}
    peerDependencies:
      '@bufbuild/protobuf': ^1.10.0

  '@cursor/sdk-darwin-arm64@1.0.31':
    resolution: {integrity: sha512-i6INDIQhV7xDeFKfND0yr/SOwv4uJthPMfXXvNpZapO+IbJTx30aPzJVMBqdksvDHyn/cekJB/92Jkz+a5K8Ow==}
    cpu: [arm64]
    os: [darwin]
    hasBin: true

  '@cursor/sdk-darwin-x64@1.0.31':
    resolution: {integrity: sha512-vCmrGykwflJNAAr4RVY4UlZ+F0fmUF+WCR8zFzP4Jl1Da2b8Oh1rxrVLbIbleS1/LKsX/OPbTQNRL0SEER95Sg==}
    cpu: [x64]
    os: [darwin]
    hasBin: true

  '@cursor/sdk-linux-arm64@1.0.31':
    resolution: {integrity: sha512-BHTwumfhWjTy0k41+KaaXfTm3MGu6WEYU76FmXqc/r1+ynuQroqfBKWyfH4XBcx3uzyaZJQLxNB9BBbs8yHUig==}
    cpu: [arm64]
    os: [linux]
    hasBin: true

  '@cursor/sdk-linux-x64@1.0.31':
    resolution: {integrity: sha512-y+ahiKQvEISUn9y6z75jwKjLQkrJ/nY7ehL1Vi9X8zdbjz14fiEtMTICAHccTiTq5cf6dZjXC5QfPdJRat6dhg==}
    cpu: [x64]
    os: [linux]
    hasBin: true

  '@cursor/sdk-win32-x64@1.0.31':
    resolution: {integrity: sha512-5ti4AwUz8kh5ovM86K/fTiHmVGL6jk1faQkTCX08lcCxFSlUDwpeyhn90pWsbNFQ4Vy2PttqEjanV6895p13eA==}
    cpu: [x64]
    os: [win32]
    hasBin: true

  '@cursor/sdk@1.0.31':
    resolution: {integrity: sha512-0SdJQqp5oXn81oJqIVkLpgHih+CL6CAudK83pCsdJyA23AvInSWlMaGpLi+JlrK3efHoswiEhhASs9WpeEz3QQ==}
    engines: {node: '>=22.13'}

  '@fastify/busboy@2.1.1':
    resolution: {integrity: sha512-vBZP4NlzfOlerQTnba4aqZoMhE/a9HY7HRqoOPaETQcSQuWEIyZMHGfVu6w9wGtGK5fED5qRs2DteVCjOH60sA==}
    engines: {node: '>=14'}

  '@statsig/client-core@3.31.0':
    resolution: {integrity: sha512-SuxQD6TmVszPG7FoMKwTk/uyBuVFk7XnxI3T/E0uyb7PL7GNjONtfsoh+NqBBVUJVse0CUeSFfgJPoZy1ZOslQ==}

  '@statsig/js-client@3.31.0':
    resolution: {integrity: sha512-LFa5E0LjT6sTfZv3sNGoyRLSZ1078+agdgOA+Vm1ecjG+KbSOfBLTW7hMwimrJ29slRwbYDzbtKaPJo/R37N2g==}

  undici@5.29.0:
    resolution: {integrity: sha512-raqeBD6NQK4SkWhQzeYKd1KmIG6dllBOTt55Rmkt4HtI9mwdWtJljnrXjAFUBLTSN67HWrOIZ3EPF4kjUw80Bg==}
    engines: {node: '>=14.0'}

  zod@3.25.76:
    resolution: {integrity: sha512-gzUt/qt81nXsFGKIFcC3YnfEAx5NkunCfnDlvuBSSFS02bcXu4Lmea0AFIUwbLWxWPx3d9p8S5QoaujKcNQxcQ==}

snapshots:

  '@bufbuild/protobuf@1.10.0': {}

  '@connectrpc/connect-node@1.7.0(@bufbuild/protobuf@1.10.0)(@connectrpc/connect@1.7.0(@bufbuild/protobuf@1.10.0))':
    dependencies:
      '@bufbuild/protobuf': 1.10.0
      '@connectrpc/connect': 1.7.0(@bufbuild/protobuf@1.10.0)
      undici: 5.29.0

  '@connectrpc/connect-web@1.7.0(@bufbuild/protobuf@1.10.0)(@connectrpc/connect@1.7.0(@bufbuild/protobuf@1.10.0))':
    dependencies:
      '@bufbuild/protobuf': 1.10.0
      '@connectrpc/connect': 1.7.0(@bufbuild/protobuf@1.10.0)

  '@connectrpc/connect@1.7.0(@bufbuild/protobuf@1.10.0)':
    dependencies:
      '@bufbuild/protobuf': 1.10.0

  '@cursor/sdk-darwin-arm64@1.0.31':
    optional: true

  '@cursor/sdk-darwin-x64@1.0.31':
    optional: true

  '@cursor/sdk-linux-arm64@1.0.31':
    optional: true

  '@cursor/sdk-linux-x64@1.0.31':
    optional: true

  '@cursor/sdk-win32-x64@1.0.31':
    optional: true

  '@cursor/sdk@1.0.31':
    dependencies:
      '@bufbuild/protobuf': 1.10.0
      '@connectrpc/connect': 1.7.0(@bufbuild/protobuf@1.10.0)
      '@connectrpc/connect-node': 1.7.0(@bufbuild/protobuf@1.10.0)(@connectrpc/connect@1.7.0(@bufbuild/protobuf@1.10.0))
      '@connectrpc/connect-web': 1.7.0(@bufbuild/protobuf@1.10.0)(@connectrpc/connect@1.7.0(@bufbuild/protobuf@1.10.0))
      '@statsig/js-client': 3.31.0
      zod: 3.25.76
    optionalDependencies:
      '@cursor/sdk-darwin-arm64': 1.0.31
      '@cursor/sdk-darwin-x64': 1.0.31
      '@cursor/sdk-linux-arm64': 1.0.31
      '@cursor/sdk-linux-x64': 1.0.31
      '@cursor/sdk-win32-x64': 1.0.31

  '@fastify/busboy@2.1.1': {}

  '@statsig/client-core@3.31.0': {}

  '@statsig/js-client@3.31.0':
    dependencies:
      '@statsig/client-core': 3.31.0

  undici@5.29.0:
    dependencies:
      '@fastify/busboy': 2.1.1

  zod@3.25.76: {}
